
Microsoft Visual Studio Solution File, Format Version 12.00
# Visual Studio Version 17
VisualStudioVersion = 17.4.33103.184
MinimumVisualStudioVersion = 10.0.40219.1
Project("{9A19103F-16F7-4668-BE54-9A1E7A4F7556}") = "Player.DAL", "Player.DAL\Player.DAL.csproj", "{A1783BF0-5EDC-44B6-9E02-F55AFC9346CD}"
EndProject
Project("{9A19103F-16F7-4668-BE54-9A1E7A4F7556}") = "Player.Helpers", "Player.Helpers\Player.Helpers.csproj", "{DCAC148A-E481-493D-BD18-85F902F25DEC}"
EndProject
Project("{9A19103F-16F7-4668-BE54-9A1E7A4F7556}") = "Player.CommonDefinitions", "Player.CommonDefinitions\Player.CommonDefinitions.csproj", "{100B6A4E-3DE8-4530-B5EC-A527D814F164}"
EndProject
Project("{9A19103F-16F7-4668-BE54-9A1E7A4F7556}") = "Player.BL", "Player.BL\Player.BL.csproj", "{FC10C1EE-7DCE-4129-9A57-7433CD808554}"
EndProject
Project("{9A19103F-16F7-4668-BE54-9A1E7A4F7556}") = "Player.API", "Player.API\Player.API.csproj", "{9CF58403-B0F1-4257-8B9D-1240CDB7F992}"
EndProject
Global
	GlobalSection(SolutionConfigurationPlatforms) = preSolution
		Debug|Any CPU = Debug|Any CPU
		Release|Any CPU = Release|Any CPU
	EndGlobalSection
	GlobalSection(ProjectConfigurationPlatforms) = postSolution
		{A1783BF0-5EDC-44B6-9E02-F55AFC9346CD}.Debug|Any CPU.ActiveCfg = Debug|Any CPU
		{A1783BF0-5EDC-44B6-9E02-F55AFC9346CD}.Debug|Any CPU.Build.0 = Debug|Any CPU
		{A1783BF0-5EDC-44B6-9E02-F55AFC9346CD}.Release|Any CPU.ActiveCfg = Release|Any CPU
		{A1783BF0-5EDC-44B6-9E02-F55AFC9346CD}.Release|Any CPU.Build.0 = Release|Any CPU
		{DCAC148A-E481-493D-BD18-85F902F25DEC}.Debug|Any CPU.ActiveCfg = Debug|Any CPU
		{DCAC148A-E481-493D-BD18-85F902F25DEC}.Debug|Any CPU.Build.0 = Debug|Any CPU
		{DCAC148A-E481-493D-BD18-85F902F25DEC}.Release|Any CPU.ActiveCfg = Release|Any CPU
		{DCAC148A-E481-493D-BD18-85F902F25DEC}.Release|Any CPU.Build.0 = Release|Any CPU
		{100B6A4E-3DE8-4530-B5EC-A527D814F164}.Debug|Any CPU.ActiveCfg = Debug|Any CPU
		{100B6A4E-3DE8-4530-B5EC-A527D814F164}.Debug|Any CPU.Build.0 = Debug|Any CPU
		{100B6A4E-3DE8-4530-B5EC-A527D814F164}.Release|Any CPU.ActiveCfg = Release|Any CPU
		{100B6A4E-3DE8-4530-B5EC-A527D814F164}.Release|Any CPU.Build.0 = Release|Any CPU
		{FC10C1EE-7DCE-4129-9A57-7433CD808554}.Debug|Any CPU.ActiveCfg = Debug|Any CPU
		{FC10C1EE-7DCE-4129-9A57-7433CD808554}.Debug|Any CPU.Build.0 = Debug|Any CPU
		{FC10C1EE-7DCE-4129-9A57-7433CD808554}.Release|Any CPU.ActiveCfg = Release|Any CPU
		{FC10C1EE-7DCE-4129-9A57-7433CD808554}.Release|Any CPU.Build.0 = Release|Any CPU
		{9CF58403-B0F1-4257-8B9D-1240CDB7F992}.Debug|Any CPU.ActiveCfg = Debug|Any CPU
		{9CF58403-B0F1-4257-8B9D-1240CDB7F992}.Debug|Any CPU.Build.0 = Debug|Any CPU
		{9CF58403-B0F1-4257-8B9D-1240CDB7F992}.Release|Any CPU.ActiveCfg = Release|Any CPU
		{9CF58403-B0F1-4257-8B9D-1240CDB7F992}.Release|Any CPU.Build.0 = Release|Any CPU
	EndGlobalSection
	GlobalSection(SolutionProperties) = preSolution
		HideSolutionNode = FALSE
	EndGlobalSection
	GlobalSection(ExtensibilityGlobals) = postSolution
		SolutionGuid = {838D0F24-80EF-4416-980E-7A8D8480067B}
	EndGlobalSection
EndGlobal
